{
  "name": "vue-20-hello-world",
  "version": "1.0.0",
  "lockfileVersion": 1,
  "requires": true,
  "dependencies": {
    "define-properties": {
      "version": "1.1.3",
      "resolved": "http://192.168.64.212:9091/repository/npm-group/define-properties/-/define-properties-1.1.3.tgz",
      "integrity": "sha1-z4jabL7ib+bbcJT2HYcMvYTO6fE=",
      "requires": {
        "object-keys": "^1.0.12"
      }
    },
    "function-bind": {
      "version": "1.1.1",
      "resolved": "http://192.168.64.212:9091/repository/npm-group/function-bind/-/function-bind-1.1.1.tgz",
      "integrity": "sha1-pWiZ0+o8m6uHS7l3O3xe3pL0iV0="
    },
    "object-keys": {
      "version": "1.1.1",
      "resolved": "http://192.168.64.212:9091/repository/npm-group/object-keys/-/object-keys-1.1.1.tgz",
      "integrity": "sha1-HEfyct8nfzsdrwYWd9nILiMixg4="
    },
    "system": {
      "version": "2.0.1",
      "resolved": "http://192.168.64.212:9091/repository/npm-group/system/-/system-2.0.1.tgz",
      "integrity": "sha1-0mqFE17n824FTn8O7ERn87Hdl0I="
    },
    "system.global": {
      "version": "2.0.0",
      "resolved": "http://192.168.64.212:9091/repository/npm-group/system.global/-/system.global-2.0.0.tgz",
      "integrity": "sha1-U60KlPwahBWM4kwG6x9kpHcCHWc=",
      "requires": {
        "define-properties": "^1.1.2",
        "function-bind": "^1.1.0",
        "object-keys": "^1.0.11"
      }
    },
    "vue": {
      "version": "2.6.12",
      "resolved": "http://192.168.64.212:9091/repository/npm-group/vue/-/vue-2.6.12.tgz",
      "integrity": "sha1-9evU+mvShpQD4pqJau1JBEVskSM="
    }
  }
}
